
Microsoft Visual Studio Solution File, Format Version 12.00
# Visual Studio Version 16
VisualStudioVersion = 16.0.29409.12
MinimumVisualStudioVersion = 10.0.40219.1
Project("{FAE04EC0-301F-11D3-BF4B-00C04F79EFBC}") = "MyConnectionFactory", "MyConnectionFactory\MyConnectionFactory.csproj", "{7D6AF42E-5B49-4A4C-98A9-F9CE0C82BFD4}"
EndProject
Project("{FAE04EC0-301F-11D3-BF4B-00C04F79EFBC}") = "DataProviderFactory", "DataProviderFactory\DataProviderFactory.csproj", "{002E52CF-77EF-47D7-A152-D9E6F82BF105}"
EndProject
Project("{FAE04EC0-301F-11D3-BF4B-00C04F79EFBC}") = "AutoLotDataReader", "AutoLotDataReader\AutoLotDataReader.csproj", "{E1209B94-2950-45F7-8C86-3988D0389DCB}"
EndProject
Project("{FAE04EC0-301F-11D3-BF4B-00C04F79EFBC}") = "AutoLotDataReaderStrBuilder", "AutoLotDataReaderStrBuilder\AutoLotDataReaderStrBuilder.csproj", "{8A59FD20-D771-4E40-A514-35DAA6E73770}"
EndProject
Project("{FAE04EC0-301F-11D3-BF4B-00C04F79EFBC}") = "AutoLotDAL", "AutoLotDAL\AutoLotDAL.csproj", "{A9F58F2C-5281-4E1E-984C-448172BD07C9}"
EndProject
Project("{FAE04EC0-301F-11D3-BF4B-00C04F79EFBC}") = "AutoLotCUIClient", "AutoLotCUIClient\AutoLotCUIClient.csproj", "{0B6409BF-A561-43E5-94DC-067CA2446B1C}"
EndProject
Project("{FAE04EC0-301F-11D3-BF4B-00C04F79EFBC}") = "AdoNetTransaction", "AdoNetTransaction\AdoNetTransaction.csproj", "{1E78C03F-36C9-4799-8428-E13819D76A90}"
EndProject
Project("{FAE04EC0-301F-11D3-BF4B-00C04F79EFBC}") = "SimpleDataSet", "SimpleDataSet\SimpleDataSet.csproj", "{B80AEE7C-7050-4D9E-87DB-ADDA415D3C82}"
EndProject
Project("{FAE04EC0-301F-11D3-BF4B-00C04F79EFBC}") = "WindowsFormsDataBinding", "WindowsFormsDataBinding\WindowsFormsDataBinding.csproj", "{1E266F3D-4B99-4FEB-9CBF-0AC7F55BED9A}"
EndProject
Project("{FAE04EC0-301F-11D3-BF4B-00C04F79EFBC}") = "FillDataSetUsingSqlDataAdapter", "FillDataSetUsingSqlDataAdapter\FillDataSetUsingSqlDataAdapter.csproj", "{45175956-0CED-4537-B4C3-013B808968D8}"
EndProject
Project("{FAE04EC0-301F-11D3-BF4B-00C04F79EFBC}") = "AutoLotDAL2", "AutoLotDAL (Version 2)\AutoLotDAL2.csproj", "{BDD1D1A4-4870-4F97-A208-87DC5EDF4EB5}"
EndProject
Project("{FAE04EC0-301F-11D3-BF4B-00C04F79EFBC}") = "InventoryDALDisconnectedGUI", "InventoryDALDisconnectedGUI\InventoryDALDisconnectedGUI.csproj", "{64794DE4-943D-40DC-92FE-4618BBDBE83E}"
EndProject
Project("{FAE04EC0-301F-11D3-BF4B-00C04F79EFBC}") = "MultitabledDataSetApp", "MultitabledDataSetApp\MultitabledDataSetApp.csproj", "{AB93B286-709A-4CBC-BFBF-2433F8350EA4}"
EndProject
Project("{FAE04EC0-301F-11D3-BF4B-00C04F79EFBC}") = "DataGridViewDataDesigner", "DataGridViewDataDesigner\DataGridViewDataDesigner.csproj", "{697F015B-9AB3-4E6A-A483-640F875507D3}"
EndProject
Project("{FAE04EC0-301F-11D3-BF4B-00C04F79EFBC}") = "AutoLotDAL3", "AutoLotDAL (Version 3)\AutoLotDAL3.csproj", "{962752F9-4241-4EA3-92D0-E553E7752F88}"
EndProject
Project("{FAE04EC0-301F-11D3-BF4B-00C04F79EFBC}") = "StronglyTypedDataSetConsoleClient", "StronglyTypedDataSetConsoleClient\StronglyTypedDataSetConsoleClient.csproj", "{30663319-AFF3-4D9B-9C48-09438438589E}"
EndProject
Project("{FAE04EC0-301F-11D3-BF4B-00C04F79EFBC}") = "LinqToDataSetApp", "LinqToDataSetApp\LinqToDataSetApp.csproj", "{88A1D506-46A1-4B7D-82A0-F94A76EE0977}"
EndProject
Global
	GlobalSection(SolutionConfigurationPlatforms) = preSolution
		Debug|Any CPU = Debug|Any CPU
		Release|Any CPU = Release|Any CPU
	EndGlobalSection
	GlobalSection(ProjectConfigurationPlatforms) = postSolution
		{7D6AF42E-5B49-4A4C-98A9-F9CE0C82BFD4}.Debug|Any CPU.ActiveCfg = Debug|Any CPU
		{7D6AF42E-5B49-4A4C-98A9-F9CE0C82BFD4}.Debug|Any CPU.Build.0 = Debug|Any CPU
		{7D6AF42E-5B49-4A4C-98A9-F9CE0C82BFD4}.Release|Any CPU.ActiveCfg = Release|Any CPU
		{7D6AF42E-5B49-4A4C-98A9-F9CE0C82BFD4}.Release|Any CPU.Build.0 = Release|Any CPU
		{002E52CF-77EF-47D7-A152-D9E6F82BF105}.Debug|Any CPU.ActiveCfg = Debug|Any CPU
		{002E52CF-77EF-47D7-A152-D9E6F82BF105}.Debug|Any CPU.Build.0 = Debug|Any CPU
		{002E52CF-77EF-47D7-A152-D9E6F82BF105}.Release|Any CPU.ActiveCfg = Release|Any CPU
		{002E52CF-77EF-47D7-A152-D9E6F82BF105}.Release|Any CPU.Build.0 = Release|Any CPU
		{E1209B94-2950-45F7-8C86-3988D0389DCB}.Debug|Any CPU.ActiveCfg = Debug|Any CPU
		{E1209B94-2950-45F7-8C86-3988D0389DCB}.Debug|Any CPU.Build.0 = Debug|Any CPU
		{E1209B94-2950-45F7-8C86-3988D0389DCB}.Release|Any CPU.ActiveCfg = Release|Any CPU
		{E1209B94-2950-45F7-8C86-3988D0389DCB}.Release|Any CPU.Build.0 = Release|Any CPU
		{8A59FD20-D771-4E40-A514-35DAA6E73770}.Debug|Any CPU.ActiveCfg = Debug|Any CPU
		{8A59FD20-D771-4E40-A514-35DAA6E73770}.Debug|Any CPU.Build.0 = Debug|Any CPU
		{8A59FD20-D771-4E40-A514-35DAA6E73770}.Release|Any CPU.ActiveCfg = Release|Any CPU
		{8A59FD20-D771-4E40-A514-35DAA6E73770}.Release|Any CPU.Build.0 = Release|Any CPU
		{A9F58F2C-5281-4E1E-984C-448172BD07C9}.Debug|Any CPU.ActiveCfg = Debug|Any CPU
		{A9F58F2C-5281-4E1E-984C-448172BD07C9}.Debug|Any CPU.Build.0 = Debug|Any CPU
		{A9F58F2C-5281-4E1E-984C-448172BD07C9}.Release|Any CPU.ActiveCfg = Release|Any CPU
		{A9F58F2C-5281-4E1E-984C-448172BD07C9}.Release|Any CPU.Build.0 = Release|Any CPU
		{0B6409BF-A561-43E5-94DC-067CA2446B1C}.Debug|Any CPU.ActiveCfg = Debug|Any CPU
		{0B6409BF-A561-43E5-94DC-067CA2446B1C}.Debug|Any CPU.Build.0 = Debug|Any CPU
		{0B6409BF-A561-43E5-94DC-067CA2446B1C}.Release|Any CPU.ActiveCfg = Release|Any CPU
		{0B6409BF-A561-43E5-94DC-067CA2446B1C}.Release|Any CPU.Build.0 = Release|Any CPU
		{1E78C03F-36C9-4799-8428-E13819D76A90}.Debug|Any CPU.ActiveCfg = Debug|Any CPU
		{1E78C03F-36C9-4799-8428-E13819D76A90}.Debug|Any CPU.Build.0 = Debug|Any CPU
		{1E78C03F-36C9-4799-8428-E13819D76A90}.Release|Any CPU.ActiveCfg = Release|Any CPU
		{1E78C03F-36C9-4799-8428-E13819D76A90}.Release|Any CPU.Build.0 = Release|Any CPU
		{B80AEE7C-7050-4D9E-87DB-ADDA415D3C82}.Debug|Any CPU.ActiveCfg = Debug|Any CPU
		{B80AEE7C-7050-4D9E-87DB-ADDA415D3C82}.Debug|Any CPU.Build.0 = Debug|Any CPU
		{B80AEE7C-7050-4D9E-87DB-ADDA415D3C82}.Release|Any CPU.ActiveCfg = Release|Any CPU
		{B80AEE7C-7050-4D9E-87DB-ADDA415D3C82}.Release|Any CPU.Build.0 = Release|Any CPU
		{1E266F3D-4B99-4FEB-9CBF-0AC7F55BED9A}.Debug|Any CPU.ActiveCfg = Debug|Any CPU
		{1E266F3D-4B99-4FEB-9CBF-0AC7F55BED9A}.Debug|Any CPU.Build.0 = Debug|Any CPU
		{1E266F3D-4B99-4FEB-9CBF-0AC7F55BED9A}.Release|Any CPU.ActiveCfg = Release|Any CPU
		{1E266F3D-4B99-4FEB-9CBF-0AC7F55BED9A}.Release|Any CPU.Build.0 = Release|Any CPU
		{45175956-0CED-4537-B4C3-013B808968D8}.Debug|Any CPU.ActiveCfg = Debug|Any CPU
		{45175956-0CED-4537-B4C3-013B808968D8}.Debug|Any CPU.Build.0 = Debug|Any CPU
		{45175956-0CED-4537-B4C3-013B808968D8}.Release|Any CPU.ActiveCfg = Release|Any CPU
		{45175956-0CED-4537-B4C3-013B808968D8}.Release|Any CPU.Build.0 = Release|Any CPU
		{BDD1D1A4-4870-4F97-A208-87DC5EDF4EB5}.Debug|Any CPU.ActiveCfg = Debug|Any CPU
		{BDD1D1A4-4870-4F97-A208-87DC5EDF4EB5}.Debug|Any CPU.Build.0 = Debug|Any CPU
		{BDD1D1A4-4870-4F97-A208-87DC5EDF4EB5}.Release|Any CPU.ActiveCfg = Release|Any CPU
		{BDD1D1A4-4870-4F97-A208-87DC5EDF4EB5}.Release|Any CPU.Build.0 = Release|Any CPU
		{64794DE4-943D-40DC-92FE-4618BBDBE83E}.Debug|Any CPU.ActiveCfg = Debug|Any CPU
		{64794DE4-943D-40DC-92FE-4618BBDBE83E}.Debug|Any CPU.Build.0 = Debug|Any CPU
		{64794DE4-943D-40DC-92FE-4618BBDBE83E}.Release|Any CPU.ActiveCfg = Release|Any CPU
		{64794DE4-943D-40DC-92FE-4618BBDBE83E}.Release|Any CPU.Build.0 = Release|Any CPU
		{AB93B286-709A-4CBC-BFBF-2433F8350EA4}.Debug|Any CPU.ActiveCfg = Debug|Any CPU
		{AB93B286-709A-4CBC-BFBF-2433F8350EA4}.Debug|Any CPU.Build.0 = Debug|Any CPU
		{AB93B286-709A-4CBC-BFBF-2433F8350EA4}.Release|Any CPU.ActiveCfg = Release|Any CPU
		{AB93B286-709A-4CBC-BFBF-2433F8350EA4}.Release|Any CPU.Build.0 = Release|Any CPU
		{697F015B-9AB3-4E6A-A483-640F875507D3}.Debug|Any CPU.ActiveCfg = Debug|Any CPU
		{697F015B-9AB3-4E6A-A483-640F875507D3}.Debug|Any CPU.Build.0 = Debug|Any CPU
		{697F015B-9AB3-4E6A-A483-640F875507D3}.Release|Any CPU.ActiveCfg = Release|Any CPU
		{697F015B-9AB3-4E6A-A483-640F875507D3}.Release|Any CPU.Build.0 = Release|Any CPU
		{962752F9-4241-4EA3-92D0-E553E7752F88}.Debug|Any CPU.ActiveCfg = Debug|Any CPU
		{962752F9-4241-4EA3-92D0-E553E7752F88}.Debug|Any CPU.Build.0 = Debug|Any CPU
		{962752F9-4241-4EA3-92D0-E553E7752F88}.Release|Any CPU.ActiveCfg = Release|Any CPU
		{962752F9-4241-4EA3-92D0-E553E7752F88}.Release|Any CPU.Build.0 = Release|Any CPU
		{30663319-AFF3-4D9B-9C48-09438438589E}.Debug|Any CPU.ActiveCfg = Debug|Any CPU
		{30663319-AFF3-4D9B-9C48-09438438589E}.Debug|Any CPU.Build.0 = Debug|Any CPU
		{30663319-AFF3-4D9B-9C48-09438438589E}.Release|Any CPU.ActiveCfg = Release|Any CPU
		{30663319-AFF3-4D9B-9C48-09438438589E}.Release|Any CPU.Build.0 = Release|Any CPU
		{88A1D506-46A1-4B7D-82A0-F94A76EE0977}.Debug|Any CPU.ActiveCfg = Debug|Any CPU
		{88A1D506-46A1-4B7D-82A0-F94A76EE0977}.Debug|Any CPU.Build.0 = Debug|Any CPU
		{88A1D506-46A1-4B7D-82A0-F94A76EE0977}.Release|Any CPU.ActiveCfg = Release|Any CPU
		{88A1D506-46A1-4B7D-82A0-F94A76EE0977}.Release|Any CPU.Build.0 = Release|Any CPU
	EndGlobalSection
	GlobalSection(SolutionProperties) = preSolution
		HideSolutionNode = FALSE
	EndGlobalSection
	GlobalSection(ExtensibilityGlobals) = postSolution
		SolutionGuid = {761F6022-355B-4D08-8BE9-6D8436449ACE}
	EndGlobalSection
EndGlobal
